
Microsoft Visual Studio Solution File, Format Version 12.00
# Visual Studio Version 16
VisualStudioVersion = 16.0.30907.101
MinimumVisualStudioVersion = 10.0.40219.1
Project("{8BC9CEB8-8B4A-11D0-8D11-00A0C91BC942}") = "3D-Graph-Learn", "3D-Graph-Learn\3D-Graph-Learn.vcxproj", "{C50DC00C-B57E-41C9-8690-8C456AF605B4}"
EndProject
Global
	GlobalSection(SolutionConfigurationPlatforms) = preSolution
		Debug|x64 = Debug|x64
		Debug|x86 = Debug|x86
		Release|x64 = Release|x64
		Release|x86 = Release|x86
	EndGlobalSection
	GlobalSection(ProjectConfigurationPlatforms) = postSolution
		{C50DC00C-B57E-41C9-8690-8C456AF605B4}.Debug|x64.ActiveCfg = Debug|x64
		{C50DC00C-B57E-41C9-8690-8C456AF605B4}.Debug|x64.Build.0 = Debug|x64
		{C50DC00C-B57E-41C9-8690-8C456AF605B4}.Debug|x86.ActiveCfg = Debug|Win32
		{C50DC00C-B57E-41C9-8690-8C456AF605B4}.Debug|x86.Build.0 = Debug|Win32
		{C50DC00C-B57E-41C9-8690-8C456AF605B4}.Release|x64.ActiveCfg = Release|x64
		{C50DC00C-B57E-41C9-8690-8C456AF605B4}.Release|x64.Build.0 = Release|x64
		{C50DC00C-B57E-41C9-8690-8C456AF605B4}.Release|x86.ActiveCfg = Release|Win32
		{C50DC00C-B57E-41C9-8690-8C456AF605B4}.Release|x86.Build.0 = Release|Win32
	EndGlobalSection
	GlobalSection(SolutionProperties) = preSolution
		HideSolutionNode = FALSE
	EndGlobalSection
	GlobalSection(ExtensibilityGlobals) = postSolution
		SolutionGuid = {CB99F721-945F-4336-BB35-E891B5FA53BE}
	EndGlobalSection
EndGlobal
